
Microsoft Visual Studio Solution File, Format Version 12.00
# Visual Studio Version 17
VisualStudioVersion = 17.9.34622.214
MinimumVisualStudioVersion = 10.0.40219.1
Project("{FAE04EC0-301F-11D3-BF4B-00C04F79EFBC}") = "Agrumy.Shared", "Agrumy.Shared\Agrumy.Shared.csproj", "{109DDAC2-F896-449A-A7CE-53FDD5453F74}"
EndProject
Project("{FAE04EC0-301F-11D3-BF4B-00C04F79EFBC}") = "Agrumy.Api", "Agrumy.Api\Agrumy.Api.csproj", "{B4630935-0599-488C-9763-A2C08930654E}"
EndProject
Project("{FAE04EC0-301F-11D3-BF4B-00C04F79EFBC}") = "Agrumy.Web", "Agrumy.Web\Agrumy.Web.csproj", "{0F6B2B7B-9D08-4FFC-A7C0-2EFD70C4EB7D}"
EndProject
Project("{FAE04EC0-301F-11D3-BF4B-00C04F79EFBC}") = "Agrumy.Api.Tests", "Agrumy.Api.Tests\Agrumy.Api.Tests.csproj", "{3B531BB7-3353-441A-9603-D6904CBE9E17}"
EndProject
Project("{FAE04EC0-301F-11D3-BF4B-00C04F79EFBC}") = "Agrumy.Dal", "Agrumy.Dal\Agrumy.Dal.csproj", "{733EDAF5-545C-4434-8FD8-5677538A334A}"
EndProject
Project("{FAE04EC0-301F-11D3-BF4B-00C04F79EFBC}") = "Agrumy.Gateway", "Agrumy.Gateway\Agrumy.Gateway.csproj", "{44319F50-C6CE-44EE-BC09-DD624C790CB5}"
EndProject
Project("{FAE04EC0-301F-11D3-BF4B-00C04F79EFBC}") = "Agrumy.Api.Migrations.MySql", "Agrumy.Api.Migrations.MySql\Agrumy.Api.Migrations.MySql.csproj", "{88C902F8-FFAC-479C-9ED2-3FF0B5466431}"
EndProject
Project("{FAE04EC0-301F-11D3-BF4B-00C04F79EFBC}") = "Agrumy.Api.Migrations.Postgres", "Agrumy.Api.Migrations.Postgres\Agrumy.Api.Migrations.Postgres.csproj", "{C8A5B06A-5B37-4858-88A3-1B9BA215F4DB}"
EndProject
Global
	GlobalSection(SolutionConfigurationPlatforms) = preSolution
		Debug|Any CPU = Debug|Any CPU
		Debug|x64 = Debug|x64
		Debug|x86 = Debug|x86
		Release|Any CPU = Release|Any CPU
		Release|x64 = Release|x64
		Release|x86 = Release|x86
	EndGlobalSection
	GlobalSection(ProjectConfigurationPlatforms) = postSolution
		{109DDAC2-F896-449A-A7CE-53FDD5453F74}.Debug|Any CPU.ActiveCfg = Debug|Any CPU
		{109DDAC2-F896-449A-A7CE-53FDD5453F74}.Debug|Any CPU.Build.0 = Debug|Any CPU
		{109DDAC2-F896-449A-A7CE-53FDD5453F74}.Debug|x64.ActiveCfg = Debug|Any CPU
		{109DDAC2-F896-449A-A7CE-53FDD5453F74}.Debug|x64.Build.0 = Debug|Any CPU
		{109DDAC2-F896-449A-A7CE-53FDD5453F74}.Debug|x86.ActiveCfg = Debug|Any CPU
		{109DDAC2-F896-449A-A7CE-53FDD5453F74}.Debug|x86.Build.0 = Debug|Any CPU
		{109DDAC2-F896-449A-A7CE-53FDD5453F74}.Release|Any CPU.ActiveCfg = Release|Any CPU
		{109DDAC2-F896-449A-A7CE-53FDD5453F74}.Release|Any CPU.Build.0 = Release|Any CPU
		{109DDAC2-F896-449A-A7CE-53FDD5453F74}.Release|x64.ActiveCfg = Release|Any CPU
		{109DDAC2-F896-449A-A7CE-53FDD5453F74}.Release|x64.Build.0 = Release|Any CPU
		{109DDAC2-F896-449A-A7CE-53FDD5453F74}.Release|x86.ActiveCfg = Release|Any CPU
		{109DDAC2-F896-449A-A7CE-53FDD5453F74}.Release|x86.Build.0 = Release|Any CPU
		{B4630935-0599-488C-9763-A2C08930654E}.Debug|Any CPU.ActiveCfg = Debug|Any CPU
		{B4630935-0599-488C-9763-A2C08930654E}.Debug|Any CPU.Build.0 = Debug|Any CPU
		{B4630935-0599-488C-9763-A2C08930654E}.Debug|x64.ActiveCfg = Debug|Any CPU
		{B4630935-0599-488C-9763-A2C08930654E}.Debug|x64.Build.0 = Debug|Any CPU
		{B4630935-0599-488C-9763-A2C08930654E}.Debug|x86.ActiveCfg = Debug|Any CPU
		{B4630935-0599-488C-9763-A2C08930654E}.Debug|x86.Build.0 = Debug|Any CPU
		{B4630935-0599-488C-9763-A2C08930654E}.Release|Any CPU.ActiveCfg = Release|Any CPU
		{B4630935-0599-488C-9763-A2C08930654E}.Release|Any CPU.Build.0 = Release|Any CPU
		{B4630935-0599-488C-9763-A2C08930654E}.Release|x64.ActiveCfg = Release|Any CPU
		{B4630935-0599-488C-9763-A2C08930654E}.Release|x64.Build.0 = Release|Any CPU
		{B4630935-0599-488C-9763-A2C08930654E}.Release|x86.ActiveCfg = Release|Any CPU
		{B4630935-0599-488C-9763-A2C08930654E}.Release|x86.Build.0 = Release|Any CPU
		{0F6B2B7B-9D08-4FFC-A7C0-2EFD70C4EB7D}.Debug|Any CPU.ActiveCfg = Debug|Any CPU
		{0F6B2B7B-9D08-4FFC-A7C0-2EFD70C4EB7D}.Debug|Any CPU.Build.0 = Debug|Any CPU
		{0F6B2B7B-9D08-4FFC-A7C0-2EFD70C4EB7D}.Debug|x64.ActiveCfg = Debug|Any CPU
		{0F6B2B7B-9D08-4FFC-A7C0-2EFD70C4EB7D}.Debug|x64.Build.0 = Debug|Any CPU
		{0F6B2B7B-9D08-4FFC-A7C0-2EFD70C4EB7D}.Debug|x86.ActiveCfg = Debug|Any CPU
		{0F6B2B7B-9D08-4FFC-A7C0-2EFD70C4EB7D}.Debug|x86.Build.0 = Debug|Any CPU
		{0F6B2B7B-9D08-4FFC-A7C0-2EFD70C4EB7D}.Release|Any CPU.ActiveCfg = Release|Any CPU
		{0F6B2B7B-9D08-4FFC-A7C0-2EFD70C4EB7D}.Release|Any CPU.Build.0 = Release|Any CPU
		{0F6B2B7B-9D08-4FFC-A7C0-2EFD70C4EB7D}.Release|x64.ActiveCfg = Release|Any CPU
		{0F6B2B7B-9D08-4FFC-A7C0-2EFD70C4EB7D}.Release|x64.Build.0 = Release|Any CPU
		{0F6B2B7B-9D08-4FFC-A7C0-2EFD70C4EB7D}.Release|x86.ActiveCfg = Release|Any CPU
		{0F6B2B7B-9D08-4FFC-A7C0-2EFD70C4EB7D}.Release|x86.Build.0 = Release|Any CPU
		{3B531BB7-3353-441A-9603-D6904CBE9E17}.Debug|Any CPU.ActiveCfg = Debug|Any CPU
		{3B531BB7-3353-441A-9603-D6904CBE9E17}.Debug|Any CPU.Build.0 = Debug|Any CPU
		{3B531BB7-3353-441A-9603-D6904CBE9E17}.Debug|x64.ActiveCfg = Debug|Any CPU
		{3B531BB7-3353-441A-9603-D6904CBE9E17}.Debug|x64.Build.0 = Debug|Any CPU
		{3B531BB7-3353-441A-9603-D6904CBE9E17}.Debug|x86.ActiveCfg = Debug|Any CPU
		{3B531BB7-3353-441A-9603-D6904CBE9E17}.Debug|x86.Build.0 = Debug|Any CPU
		{3B531BB7-3353-441A-9603-D6904CBE9E17}.Release|Any CPU.ActiveCfg = Release|Any CPU
		{3B531BB7-3353-441A-9603-D6904CBE9E17}.Release|Any CPU.Build.0 = Release|Any CPU
		{3B531BB7-3353-441A-9603-D6904CBE9E17}.Release|x64.ActiveCfg = Release|Any CPU
		{3B531BB7-3353-441A-9603-D6904CBE9E17}.Release|x64.Build.0 = Release|Any CPU
		{3B531BB7-3353-441A-9603-D6904CBE9E17}.Release|x86.ActiveCfg = Release|Any CPU
		{3B531BB7-3353-441A-9603-D6904CBE9E17}.Release|x86.Build.0 = Release|Any CPU
		{733EDAF5-545C-4434-8FD8-5677538A334A}.Debug|Any CPU.ActiveCfg = Debug|Any CPU
		{733EDAF5-545C-4434-8FD8-5677538A334A}.Debug|Any CPU.Build.0 = Debug|Any CPU
		{733EDAF5-545C-4434-8FD8-5677538A334A}.Debug|x64.ActiveCfg = Debug|Any CPU
		{733EDAF5-545C-4434-8FD8-5677538A334A}.Debug|x64.Build.0 = Debug|Any CPU
		{733EDAF5-545C-4434-8FD8-5677538A334A}.Debug|x86.ActiveCfg = Debug|Any CPU
		{733EDAF5-545C-4434-8FD8-5677538A334A}.Debug|x86.Build.0 = Debug|Any CPU
		{733EDAF5-545C-4434-8FD8-5677538A334A}.Release|Any CPU.ActiveCfg = Release|Any CPU
		{733EDAF5-545C-4434-8FD8-5677538A334A}.Release|Any CPU.Build.0 = Release|Any CPU
		{733EDAF5-545C-4434-8FD8-5677538A334A}.Release|x64.ActiveCfg = Release|Any CPU
		{733EDAF5-545C-4434-8FD8-5677538A334A}.Release|x64.Build.0 = Release|Any CPU
		{733EDAF5-545C-4434-8FD8-5677538A334A}.Release|x86.ActiveCfg = Release|Any CPU
		{733EDAF5-545C-4434-8FD8-5677538A334A}.Release|x86.Build.0 = Release|Any CPU
		{44319F50-C6CE-44EE-BC09-DD624C790CB5}.Debug|Any CPU.ActiveCfg = Debug|Any CPU
		{44319F50-C6CE-44EE-BC09-DD624C790CB5}.Debug|Any CPU.Build.0 = Debug|Any CPU
		{44319F50-C6CE-44EE-BC09-DD624C790CB5}.Debug|x64.ActiveCfg = Debug|Any CPU
		{44319F50-C6CE-44EE-BC09-DD624C790CB5}.Debug|x64.Build.0 = Debug|Any CPU
		{44319F50-C6CE-44EE-BC09-DD624C790CB5}.Debug|x86.ActiveCfg = Debug|Any CPU
		{44319F50-C6CE-44EE-BC09-DD624C790CB5}.Debug|x86.Build.0 = Debug|Any CPU
		{44319F50-C6CE-44EE-BC09-DD624C790CB5}.Release|Any CPU.ActiveCfg = Release|Any CPU
		{44319F50-C6CE-44EE-BC09-DD624C790CB5}.Release|Any CPU.Build.0 = Release|Any CPU
		{44319F50-C6CE-44EE-BC09-DD624C790CB5}.Release|x64.ActiveCfg = Release|Any CPU
		{44319F50-C6CE-44EE-BC09-DD624C790CB5}.Release|x64.Build.0 = Release|Any CPU
		{44319F50-C6CE-44EE-BC09-DD624C790CB5}.Release|x86.ActiveCfg = Release|Any CPU
		{44319F50-C6CE-44EE-BC09-DD624C790CB5}.Release|x86.Build.0 = Release|Any CPU
		{88C902F8-FFAC-479C-9ED2-3FF0B5466431}.Debug|Any CPU.ActiveCfg = Debug|Any CPU
		{88C902F8-FFAC-479C-9ED2-3FF0B5466431}.Debug|Any CPU.Build.0 = Debug|Any CPU
		{88C902F8-FFAC-479C-9ED2-3FF0B5466431}.Debug|x64.ActiveCfg = Debug|Any CPU
		{88C902F8-FFAC-479C-9ED2-3FF0B5466431}.Debug|x64.Build.0 = Debug|Any CPU
		{88C902F8-FFAC-479C-9ED2-3FF0B5466431}.Debug|x86.ActiveCfg = Debug|Any CPU
		{88C902F8-FFAC-479C-9ED2-3FF0B5466431}.Debug|x86.Build.0 = Debug|Any CPU
		{88C902F8-FFAC-479C-9ED2-3FF0B5466431}.Release|Any CPU.ActiveCfg = Release|Any CPU
		{88C902F8-FFAC-479C-9ED2-3FF0B5466431}.Release|Any CPU.Build.0 = Release|Any CPU
		{88C902F8-FFAC-479C-9ED2-3FF0B5466431}.Release|x64.ActiveCfg = Release|Any CPU
		{88C902F8-FFAC-479C-9ED2-3FF0B5466431}.Release|x64.Build.0 = Release|Any CPU
		{88C902F8-FFAC-479C-9ED2-3FF0B5466431}.Release|x86.ActiveCfg = Release|Any CPU
		{88C902F8-FFAC-479C-9ED2-3FF0B5466431}.Release|x86.Build.0 = Release|Any CPU
		{C8A5B06A-5B37-4858-88A3-1B9BA215F4DB}.Debug|Any CPU.ActiveCfg = Debug|Any CPU
		{C8A5B06A-5B37-4858-88A3-1B9BA215F4DB}.Debug|Any CPU.Build.0 = Debug|Any CPU
		{C8A5B06A-5B37-4858-88A3-1B9BA215F4DB}.Debug|x64.ActiveCfg = Debug|Any CPU
		{C8A5B06A-5B37-4858-88A3-1B9BA215F4DB}.Debug|x64.Build.0 = Debug|Any CPU
		{C8A5B06A-5B37-4858-88A3-1B9BA215F4DB}.Debug|x86.ActiveCfg = Debug|Any CPU
		{C8A5B06A-5B37-4858-88A3-1B9BA215F4DB}.Debug|x86.Build.0 = Debug|Any CPU
		{C8A5B06A-5B37-4858-88A3-1B9BA215F4DB}.Release|Any CPU.ActiveCfg = Release|Any CPU
		{C8A5B06A-5B37-4858-88A3-1B9BA215F4DB}.Release|Any CPU.Build.0 = Release|Any CPU
		{C8A5B06A-5B37-4858-88A3-1B9BA215F4DB}.Release|x64.ActiveCfg = Release|Any CPU
		{C8A5B06A-5B37-4858-88A3-1B9BA215F4DB}.Release|x64.Build.0 = Release|Any CPU
		{C8A5B06A-5B37-4858-88A3-1B9BA215F4DB}.Release|x86.ActiveCfg = Release|Any CPU
		{C8A5B06A-5B37-4858-88A3-1B9BA215F4DB}.Release|x86.Build.0 = Release|Any CPU
	EndGlobalSection
	GlobalSection(SolutionProperties) = preSolution
		HideSolutionNode = FALSE
	EndGlobalSection
	GlobalSection(ExtensibilityGlobals) = postSolution
		SolutionGuid = {1993BD83-8FDD-4397-B1F6-4EC63949F33A}
	EndGlobalSection
EndGlobal
